
Microsoft Visual Studio Solution File, Format Version 12.00
# Visual Studio Version 17
VisualStudioVersion = 17.0.32112.339
MinimumVisualStudioVersion = 10.0.40219.1
Project("{9A19103F-16F7-4668-BE54-9A1E7A4F7556}") = "01.Fibonacci", "01.Fibonacci\01.Fibonacci.csproj", "{74E278BB-5854-4535-B146-4A2933C2F464}"
EndProject
Project("{9A19103F-16F7-4668-BE54-9A1E7A4F7556}") = "02.MoveDown-Right", "02.MoveDown-Right\02.MoveDown-Right.csproj", "{DD1D976C-F636-4097-884F-4513ECE047B3}"
EndProject
Project("{9A19103F-16F7-4668-BE54-9A1E7A4F7556}") = "SubsetSum", "SubsetSum\SubsetSum.csproj", "{9F8E207F-E956-4DE7-ADE0-0244804A121B}"
EndProject
Project("{FAE04EC0-301F-11D3-BF4B-00C04F79EFBC}") = "03.LongestCommonSubsequence", "03.LongestCommonSubsequence\03.LongestCommonSubsequence.csproj", "{B607B32B-6C0E-4289-8736-6446E61429A7}"
EndProject
Global
	GlobalSection(SolutionConfigurationPlatforms) = preSolution
		Debug|Any CPU = Debug|Any CPU
		Release|Any CPU = Release|Any CPU
	EndGlobalSection
	GlobalSection(ProjectConfigurationPlatforms) = postSolution
		{74E278BB-5854-4535-B146-4A2933C2F464}.Debug|Any CPU.ActiveCfg = Debug|Any CPU
		{74E278BB-5854-4535-B146-4A2933C2F464}.Debug|Any CPU.Build.0 = Debug|Any CPU
		{74E278BB-5854-4535-B146-4A2933C2F464}.Release|Any CPU.ActiveCfg = Release|Any CPU
		{74E278BB-5854-4535-B146-4A2933C2F464}.Release|Any CPU.Build.0 = Release|Any CPU
		{DD1D976C-F636-4097-884F-4513ECE047B3}.Debug|Any CPU.ActiveCfg = Debug|Any CPU
		{DD1D976C-F636-4097-884F-4513ECE047B3}.Debug|Any CPU.Build.0 = Debug|Any CPU
		{DD1D976C-F636-4097-884F-4513ECE047B3}.Release|Any CPU.ActiveCfg = Release|Any CPU
		{DD1D976C-F636-4097-884F-4513ECE047B3}.Release|Any CPU.Build.0 = Release|Any CPU
		{9F8E207F-E956-4DE7-ADE0-0244804A121B}.Debug|Any CPU.ActiveCfg = Debug|Any CPU
		{9F8E207F-E956-4DE7-ADE0-0244804A121B}.Debug|Any CPU.Build.0 = Debug|Any CPU
		{9F8E207F-E956-4DE7-ADE0-0244804A121B}.Release|Any CPU.ActiveCfg = Release|Any CPU
		{9F8E207F-E956-4DE7-ADE0-0244804A121B}.Release|Any CPU.Build.0 = Release|Any CPU
		{B607B32B-6C0E-4289-8736-6446E61429A7}.Debug|Any CPU.ActiveCfg = Debug|Any CPU
		{B607B32B-6C0E-4289-8736-6446E61429A7}.Debug|Any CPU.Build.0 = Debug|Any CPU
		{B607B32B-6C0E-4289-8736-6446E61429A7}.Release|Any CPU.ActiveCfg = Release|Any CPU
		{B607B32B-6C0E-4289-8736-6446E61429A7}.Release|Any CPU.Build.0 = Release|Any CPU
	EndGlobalSection
	GlobalSection(SolutionProperties) = preSolution
		HideSolutionNode = FALSE
	EndGlobalSection
	GlobalSection(ExtensibilityGlobals) = postSolution
		SolutionGuid = {AABDD81B-D6EB-4805-A841-2FEF19366F98}
	EndGlobalSection
EndGlobal
