
Microsoft Visual Studio Solution File, Format Version 12.00
# Visual Studio Version 17
VisualStudioVersion = 17.0.32112.339
MinimumVisualStudioVersion = 10.0.40219.1
Project("{FAE04EC0-301F-11D3-BF4B-00C04F79EFBC}") = "01.BinomialCoefficients", "01.BinomialCoefficients\01.BinomialCoefficients.csproj", "{E9CE1DBB-EAE7-4983-82F4-D43DE4E2FF8C}"
EndProject
Project("{FAE04EC0-301F-11D3-BF4B-00C04F79EFBC}") = "02.DividingPresents", "02.DividingPresents\02.DividingPresents.csproj", "{D6CC4EA2-108E-4C42-9736-17C59CB67B94}"
EndProject
Project("{FAE04EC0-301F-11D3-BF4B-00C04F79EFBC}") = "03.SumWithUnlimitedCoins", "03.SumWithUnlimitedCoins\03.SumWithUnlimitedCoins.csproj", "{D19817E1-E34A-4C38-B88F-C39916E40935}"
EndProject
Project("{FAE04EC0-301F-11D3-BF4B-00C04F79EFBC}") = "04.SumWithLimitedCoins", "04.SumWithLimitedCoins\04.SumWithLimitedCoins.csproj", "{E9615400-EA6B-4614-A108-3BFFF87FFF86}"
EndProject
Project("{FAE04EC0-301F-11D3-BF4B-00C04F79EFBC}") = "05.WordDifferences", "05.WordDifferences\05.WordDifferences.csproj", "{C71685BC-D573-4F45-BB1D-414116273CBC}"
EndProject
Project("{FAE04EC0-301F-11D3-BF4B-00C04F79EFBC}") = "06.ConnectingCables", "06.ConnectingCables\06.ConnectingCables.csproj", "{91ABFD59-9DB2-4AA2-B1CC-AC4CDCFDF6B6}"
EndProject
Project("{FAE04EC0-301F-11D3-BF4B-00C04F79EFBC}") = "07.MinimumEditDistance", "07.MinimumEditDistance\07.MinimumEditDistance.csproj", "{0A61BD66-D4BE-40BA-BC08-B8F39B7271F5}"
EndProject
Global
	GlobalSection(SolutionConfigurationPlatforms) = preSolution
		Debug|Any CPU = Debug|Any CPU
		Release|Any CPU = Release|Any CPU
	EndGlobalSection
	GlobalSection(ProjectConfigurationPlatforms) = postSolution
		{E9CE1DBB-EAE7-4983-82F4-D43DE4E2FF8C}.Debug|Any CPU.ActiveCfg = Debug|Any CPU
		{E9CE1DBB-EAE7-4983-82F4-D43DE4E2FF8C}.Debug|Any CPU.Build.0 = Debug|Any CPU
		{E9CE1DBB-EAE7-4983-82F4-D43DE4E2FF8C}.Release|Any CPU.ActiveCfg = Release|Any CPU
		{E9CE1DBB-EAE7-4983-82F4-D43DE4E2FF8C}.Release|Any CPU.Build.0 = Release|Any CPU
		{D6CC4EA2-108E-4C42-9736-17C59CB67B94}.Debug|Any CPU.ActiveCfg = Debug|Any CPU
		{D6CC4EA2-108E-4C42-9736-17C59CB67B94}.Debug|Any CPU.Build.0 = Debug|Any CPU
		{D6CC4EA2-108E-4C42-9736-17C59CB67B94}.Release|Any CPU.ActiveCfg = Release|Any CPU
		{D6CC4EA2-108E-4C42-9736-17C59CB67B94}.Release|Any CPU.Build.0 = Release|Any CPU
		{D19817E1-E34A-4C38-B88F-C39916E40935}.Debug|Any CPU.ActiveCfg = Debug|Any CPU
		{D19817E1-E34A-4C38-B88F-C39916E40935}.Debug|Any CPU.Build.0 = Debug|Any CPU
		{D19817E1-E34A-4C38-B88F-C39916E40935}.Release|Any CPU.ActiveCfg = Release|Any CPU
		{D19817E1-E34A-4C38-B88F-C39916E40935}.Release|Any CPU.Build.0 = Release|Any CPU
		{E9615400-EA6B-4614-A108-3BFFF87FFF86}.Debug|Any CPU.ActiveCfg = Debug|Any CPU
		{E9615400-EA6B-4614-A108-3BFFF87FFF86}.Debug|Any CPU.Build.0 = Debug|Any CPU
		{E9615400-EA6B-4614-A108-3BFFF87FFF86}.Release|Any CPU.ActiveCfg = Release|Any CPU
		{E9615400-EA6B-4614-A108-3BFFF87FFF86}.Release|Any CPU.Build.0 = Release|Any CPU
		{C71685BC-D573-4F45-BB1D-414116273CBC}.Debug|Any CPU.ActiveCfg = Debug|Any CPU
		{C71685BC-D573-4F45-BB1D-414116273CBC}.Debug|Any CPU.Build.0 = Debug|Any CPU
		{C71685BC-D573-4F45-BB1D-414116273CBC}.Release|Any CPU.ActiveCfg = Release|Any CPU
		{C71685BC-D573-4F45-BB1D-414116273CBC}.Release|Any CPU.Build.0 = Release|Any CPU
		{91ABFD59-9DB2-4AA2-B1CC-AC4CDCFDF6B6}.Debug|Any CPU.ActiveCfg = Debug|Any CPU
		{91ABFD59-9DB2-4AA2-B1CC-AC4CDCFDF6B6}.Debug|Any CPU.Build.0 = Debug|Any CPU
		{91ABFD59-9DB2-4AA2-B1CC-AC4CDCFDF6B6}.Release|Any CPU.ActiveCfg = Release|Any CPU
		{91ABFD59-9DB2-4AA2-B1CC-AC4CDCFDF6B6}.Release|Any CPU.Build.0 = Release|Any CPU
		{0A61BD66-D4BE-40BA-BC08-B8F39B7271F5}.Debug|Any CPU.ActiveCfg = Debug|Any CPU
		{0A61BD66-D4BE-40BA-BC08-B8F39B7271F5}.Debug|Any CPU.Build.0 = Debug|Any CPU
		{0A61BD66-D4BE-40BA-BC08-B8F39B7271F5}.Release|Any CPU.ActiveCfg = Release|Any CPU
		{0A61BD66-D4BE-40BA-BC08-B8F39B7271F5}.Release|Any CPU.Build.0 = Release|Any CPU
	EndGlobalSection
	GlobalSection(SolutionProperties) = preSolution
		HideSolutionNode = FALSE
	EndGlobalSection
	GlobalSection(ExtensibilityGlobals) = postSolution
		SolutionGuid = {ADE5B36F-5590-4570-A9D0-B65311D9A847}
	EndGlobalSection
EndGlobal
